// !$*UTF8*$!
{
	archiveVersion = 1;
	classes = {
	};
	objectVersion = 50;
	objects = {

/* Begin PBXBuildFile section */
		6FCEAA51245E401F004CFFA4 /* AppDelegate.swift in Sources */ = {isa = PBXBuildFile; fileRef = 6FCEAA50245E401F004CFFA4 /* AppDelegate.swift */; };
		6FCEAA53245E401F004CFFA4 /* SceneDelegate.swift in Sources */ = {isa = PBXBuildFile; fileRef = 6FCEAA52245E401F004CFFA4 /* SceneDelegate.swift */; };
		6FCEAA55245E401F004CFFA4 /* ViewController.swift in Sources */ = {isa = PBXBuildFile; fileRef = 6FCEAA54245E401F004CFFA4 /* ViewController.swift */; };
		6FCEAA58245E401F004CFFA4 /* Main.storyboard in Resources */ = {isa = PBXBuildFile; fileRef = 6FCEAA56245E401F004CFFA4 /* Main.storyboard */; };
		6FCEAA5A245E4024004CFFA4 /* Assets.xcassets in Resources */ = {isa = PBXBuildFile; fileRef = 6FCEAA59245E4024004CFFA4 /* Assets.xcassets */; };
		6FCEAA5D245E4024004CFFA4 /* LaunchScreen.storyboard in Resources */ = {isa = PBXBuildFile; fileRef = 6FCEAA5B245E4024004CFFA4 /* LaunchScreen.storyboard */; };
		6FCEAA65245E4040004CFFA4 /* FlowerClassifier.mlmodel in Sources */ = {isa = PBXBuildFile; fileRef = 6FCEAA64245E4040004CFFA4 /* FlowerClassifier.mlmodel */; };
		DD3C3905348887C46DCD397A /* Pods_FlowerPower.framework in Frameworks */ = {isa = PBXBuildFile; fileRef = DC7B48F4A4194771F85C3F56 /* Pods_FlowerPower.framework */; };
/* End PBXBuildFile section */

/* Begin PBXFileReference section */
		6FCEAA4D245E401F004CFFA4 /* FlowerPower.app */ = {isa = PBXFileReference; explicitFileType = wrapper.application; includeInIndex = 0; path = FlowerPower.app; sourceTree = BUILT_PRODUCTS_DIR; };
		6FCEAA50245E401F004CFFA4 /* AppDelegate.swift */ = {isa = PBXFileReference; lastKnownFileType = sourcecode.swift; path = AppDelegate.swift; sourceTree = "<group>"; };
		6FCEAA52245E401F004CFFA4 /* SceneDelegate.swift */ = {isa = PBXFileReference; lastKnownFileType = sourcecode.swift; path = SceneDelegate.swift; sourceTree = "<group>"; };
		6FCEAA54245E401F004CFFA4 /* ViewController.swift */ = {isa = PBXFileReference; lastKnownFileType = sourcecode.swift; path = ViewController.swift; sourceTree = "<group>"; };
		6FCEAA57245E401F004CFFA4 /* Base */ = {isa = PBXFileReference; lastKnownFileType = file.storyboard; name = Base; path = Base.lproj/Main.storyboard; sourceTree = "<group>"; };
		6FCEAA59245E4024004CFFA4 /* Assets.xcassets */ = {isa = PBXFileReference; lastKnownFileType = folder.assetcatalog; path = Assets.xcassets; sourceTree = "<group>"; };
		6FCEAA5C245E4024004CFFA4 /* Base */ = {isa = PBXFileReference; lastKnownFileType = file.storyboard; name = Base; path = Base.lproj/LaunchScreen.storyboard; sourceTree = "<group>"; };
		6FCEAA5E245E4024004CFFA4 /* Info.plist */ = {isa = PBXFileReference; lastKnownFileType = text.plist.xml; path = Info.plist; sourceTree = "<group>"; };
		6FCEAA64245E4040004CFFA4 /* FlowerClassifier.mlmodel */ = {isa = PBXFileReference; lastKnownFileType = file.mlmodel; path = FlowerClassifier.mlmodel; sourceTree = "<group>"; };
		9C6005D6EE0E555A38B1281A /* Pods-FlowerPower.debug.xcconfig */ = {isa = PBXFileReference; includeInIndex = 1; lastKnownFileType = text.xcconfig; name = "Pods-FlowerPower.debug.xcconfig"; path = "Target Support Files/Pods-FlowerPower/Pods-FlowerPower.debug.xcconfig"; sourceTree = "<group>"; };
		C39BA8E384A4FEFD3EA660A6 /* Pods-FlowerPower.release.xcconfig */ = {isa = PBXFileReference; includeInIndex = 1; lastKnownFileType = text.xcconfig; name = "Pods-FlowerPower.release.xcconfig"; path = "Target Support Files/Pods-FlowerPower/Pods-FlowerPower.release.xcconfig"; sourceTree = "<group>"; };
		DC7B48F4A4194771F85C3F56 /* Pods_FlowerPower.framework */ = {isa = PBXFileReference; explicitFileType = wrapper.framework; includeInIndex = 0; path = Pods_FlowerPower.framework; sourceTree = BUILT_PRODUCTS_DIR; };
/* End PBXFileReference section */

/* Begin PBXFrameworksBuildPhase section */
		6FCEAA4A245E401F004CFFA4 /* Frameworks */ = {
			isa = PBXFrameworksBuildPhase;
			buildActionMask = 2147483647;
			files = (
				DD3C3905348887C46DCD397A /* Pods_FlowerPower.framework in Frameworks */,
			);
			runOnlyForDeploymentPostprocessing = 0;
		};
/* End PBXFrameworksBuildPhase section */

/* Begin PBXGroup section */
		681A02C0E594613F10E1F51A /* Pods */ = {
			isa = PBXGroup;
			children = (
				9C6005D6EE0E555A38B1281A /* Pods-FlowerPower.debug.xcconfig */,
				C39BA8E384A4FEFD3EA660A6 /* Pods-FlowerPower.release.xcconfig */,
			);
			name = Pods;
			path = Pods;
			sourceTree = "<group>";
		};
		6FCEAA44245E401F004CFFA4 = {
			isa = PBXGroup;
			children = (
				6FCEAA4F245E401F004CFFA4 /* FlowerPower */,
				6FCEAA4E245E401F004CFFA4 /* Products */,
				681A02C0E594613F10E1F51A /* Pods */,
				9AD6C12B7C3478C10C78FBD2 /* Frameworks */,
			);
			sourceTree = "<group>";
		};
		6FCEAA4E245E401F004CFFA4 /* Products */ = {
			isa = PBXGroup;
			children = (
				6FCEAA4D245E401F004CFFA4 /* FlowerPower.app */,
			);
			name = Products;
			sourceTree = "<group>";
		};
		6FCEAA4F245E401F004CFFA4 /* FlowerPower */ = {
			isa = PBXGroup;
			children = (
				6FCEAA50245E401F004CFFA4 /* AppDelegate.swift */,
				6FCEAA52245E401F004CFFA4 /* SceneDelegate.swift */,
				6FCEAA54245E401F004CFFA4 /* ViewController.swift */,
				6FCEAA56245E401F004CFFA4 /* Main.storyboard */,
				6FCEAA59245E4024004CFFA4 /* Assets.xcassets */,
				6FCEAA5B245E4024004CFFA4 /* LaunchScreen.storyboard */,
				6FCEAA5E245E4024004CFFA4 /* Info.plist */,
				6FCEAA64245E4040004CFFA4 /* FlowerClassifier.mlmodel */,
			);
			path = FlowerPower;
			sourceTree = "<group>";
		};
		9AD6C12B7C3478C10C78FBD2 /* Frameworks */ = {
			isa = PBXGroup;
			children = (
				DC7B48F4A4194771F85C3F56 /* Pods_FlowerPower.framework */,
			);
			name = Frameworks;
			sourceTree = "<group>";
		};
/* End PBXGroup section */

/* Begin PBXNativeTarget section */
		6FCEAA4C245E401F004CFFA4 /* FlowerPower */ = {
			isa = PBXNativeTarget;
			buildConfigurationList = 6FCEAA61245E4024004CFFA4 /* Build configuration list for PBXNativeTarget "FlowerPower" */;
			buildPhases = (
				4C294AF2AEC200F4FE0E0047 /* [CP] Check Pods Manifest.lock */,
				6FCEAA49245E401F004CFFA4 /* Sources */,
				6FCEAA4A245E401F004CFFA4 /* Frameworks */,
				6FCEAA4B245E401F004CFFA4 /* Resources */,
				F534C062DC059ADAD72279CA /* [CP] Embed Pods Frameworks */,
			);
			buildRules = (
			);
			dependencies = (
			);
			name = FlowerPower;
			productName = FlowerPower;
			productReference = 6FCEAA4D245E401F004CFFA4 /* FlowerPower.app */;
			productType = "com.apple.product-type.application";
		};
/* End PBXNativeTarget section */

/* Begin PBXProject section */
		6FCEAA45245E401F004CFFA4 /* Project object */ = {
			isa = PBXProject;
			attributes = {
				LastSwiftUpdateCheck = 1140;
				LastUpgradeCheck = 1140;
				ORGANIZATIONNAME = "Nareshri Babu";
				TargetAttributes = {
					6FCEAA4C245E401F004CFFA4 = {
						CreatedOnToolsVersion = 11.4.1;
					};
				};
			};
			buildConfigurationList = 6FCEAA48245E401F004CFFA4 /* Build configuration list for PBXProject "FlowerPower" */;
			compatibilityVersion = "Xcode 9.3";
			developmentRegion = en;
			hasScannedForEncodings = 0;
			knownRegions = (
				en,
				Base,
			);
			mainGroup = 6FCEAA44245E401F004CFFA4;
			productRefGroup = 6FCEAA4E245E401F004CFFA4 /* Products */;
			projectDirPath = "";
			projectRoot = "";
			targets = (
				6FCEAA4C245E401F004CFFA4 /* FlowerPower */,
			);
		};
/* End PBXProject section */

/* Begin PBXResourcesBuildPhase section */
		6FCEAA4B245E401F004CFFA4 /* Resources */ = {
			isa = PBXResourcesBuildPhase;
			buildActionMask = 2147483647;
			files = (
				6FCEAA5D245E4024004CFFA4 /* LaunchScreen.storyboard in Resources */,
				6FCEAA5A245E4024004CFFA4 /* Assets.xcassets in Resources */,
				6FCEAA58245E401F004CFFA4 /* Main.storyboard in Resources */,
			);
			runOnlyForDeploymentPostprocessing = 0;
		};
/* End PBXResourcesBuildPhase section */

/* Begin PBXShellScriptBuildPhase section */
		4C294AF2AEC200F4FE0E0047 /* [CP] Check Pods Manifest.lock */ = {
			isa = PBXShellScriptBuildPhase;
			buildActionMask = 2147483647;
			files = (
			);
			inputFileListPaths = (
			);
			inputPaths = (
				"${PODS_PODFILE_DIR_PATH}/Podfile.lock",
				"${PODS_ROOT}/Manifest.lock",
			);
			name = "[CP] Check Pods Manifest.lock";
			outputFileListPaths = (
			);
			outputPaths = (
				"$(DERIVED_FILE_DIR)/Pods-FlowerPower-checkManifestLockResult.txt",
			);
			runOnlyForDeploymentPostprocessing = 0;
			shellPath = /bin/sh;
			shellScript = "diff \"${PODS_PODFILE_DIR_PATH}/Podfile.lock\" \"${PODS_ROOT}/Manifest.lock\" > /dev/null\nif [ $? != 0 ] ; then\n    # print error to STDERR\n    echo \"error: The sandbox is not in sync with the Podfile.lock. Run 'pod install' or update your CocoaPods installation.\" >&2\n    exit 1\nfi\n# This output is used by Xcode 'outputs' to avoid re-running this script phase.\necho \"SUCCESS\" > \"${SCRIPT_OUTPUT_FILE_0}\"\n";
			showEnvVarsInLog = 0;
		};
		F534C062DC059ADAD72279CA /* [CP] Embed Pods Frameworks */ = {
			isa = PBXShellScriptBuildPhase;
			buildActionMask = 2147483647;
			files = (
			);
			inputFileListPaths = (
				"${PODS_ROOT}/Target Support Files/Pods-FlowerPower/Pods-FlowerPower-frameworks-${CONFIGURATION}-input-files.xcfilelist",
			);
			name = "[CP] Embed Pods Frameworks";
			outputFileListPaths = (
				"${PODS_ROOT}/Target Support Files/Pods-FlowerPower/Pods-FlowerPower-frameworks-${CONFIGURATION}-output-files.xcfilelist",
			);
			runOnlyForDeploymentPostprocessing = 0;
			shellPath = /bin/sh;
			shellScript = "\"${PODS_ROOT}/Target Support Files/Pods-FlowerPower/Pods-FlowerPower-frameworks.sh\"\n";
			showEnvVarsInLog = 0;
		};
/* End PBXShellScriptBuildPhase section */

/* Begin PBXSourcesBuildPhase section */
		6FCEAA49245E401F004CFFA4 /* Sources */ = {
			isa = PBXSourcesBuildPhase;
			buildActionMask = 2147483647;
			files = (
				6FCEAA65245E4040004CFFA4 /* FlowerClassifier.mlmodel in Sources */,
				6FCEAA55245E401F004CFFA4 /* ViewController.swift in Sources */,
				6FCEAA51245E401F004CFFA4 /* AppDelegate.swift in Sources */,
				6FCEAA53245E401F004CFFA4 /* SceneDelegate.swift in Sources */,
			);
			runOnlyForDeploymentPostprocessing = 0;
		};
/* End PBXSourcesBuildPhase section */

/* Begin PBXVariantGroup section */
		6FCEAA56245E401F004CFFA4 /* Main.storyboard */ = {
			isa = PBXVariantGroup;
			children = (
				6FCEAA57245E401F004CFFA4 /* Base */,
			);
			name = Main.storyboard;
			sourceTree = "<group>";
		};
		6FCEAA5B245E4024004CFFA4 /* LaunchScreen.storyboard */ = {
			isa = PBXVariantGroup;
			children = (
				6FCEAA5C245E4024004CFFA4 /* Base */,
			);
			name = LaunchScreen.storyboard;
			sourceTree = "<group>";
		};
/* End PBXVariantGroup section */

/* Begin XCBuildConfiguration section */
		6FCEAA5F245E4024004CFFA4 /* Debug */ = {
			isa = XCBuildConfiguration;
			buildSettings = {
				ALWAYS_SEARCH_USER_PATHS = NO;
				CLANG_ANALYZER_NONNULL = YES;
				CLANG_ANALYZER_NUMBER_OBJECT_CONVERSION = YES_AGGRESSIVE;
				CLANG_CXX_LANGUAGE_STANDARD = "gnu++14";
				CLANG_CXX_LIBRARY = "libc++";
				CLANG_ENABLE_MODULES = YES;
				CLANG_ENABLE_OBJC_ARC = YES;
				CLANG_ENABLE_OBJC_WEAK = YES;
				CLANG_WARN_BLOCK_CAPTURE_AUTORELEASING = YES;
				CLANG_WARN_BOOL_CONVERSION = YES;
				CLANG_WARN_COMMA = YES;
				CLANG_WARN_CONSTANT_CONVERSION = YES;
				CLANG_WARN_DEPRECATED_OBJC_IMPLEMENTATIONS = YES;
				CLANG_WARN_DIRECT_OBJC_ISA_USAGE = YES_ERROR;
				CLANG_WARN_DOCUMENTATION_COMMENTS = YES;
				CLANG_WARN_EMPTY_BODY = YES;
				CLANG_WARN_ENUM_CONVERSION = YES;
				CLANG_WARN_INFINITE_RECURSION = YES;
				CLANG_WARN_INT_CONVERSION = YES;
				CLANG_WARN_NON_LITERAL_NULL_CONVERSION = YES;
				CLANG_WARN_OBJC_IMPLICIT_RETAIN_SELF = YES;
				CLANG_WARN_OBJC_LITERAL_CONVERSION = YES;
				CLANG_WARN_OBJC_ROOT_CLASS = YES_ERROR;
				CLANG_WARN_RANGE_LOOP_ANALYSIS = YES;
				CLANG_WARN_STRICT_PROTOTYPES = YES;
				CLANG_WARN_SUSPICIOUS_MOVE = YES;
				CLANG_WARN_UNGUARDED_AVAILABILITY = YES_AGGRESSIVE;
				CLANG_WARN_UNREACHABLE_CODE = YES;
				CLANG_WARN__DUPLICATE_METHOD_MATCH = YES;
				COPY_PHASE_STRIP = NO;
				DEBUG_INFORMATION_FORMAT = dwarf;
				ENABLE_STRICT_OBJC_MSGSEND = YES;
				ENABLE_TESTABILITY = YES;
				GCC_C_LANGUAGE_STANDARD = gnu11;
				GCC_DYNAMIC_NO_PIC = NO;
				GCC_NO_COMMON_BLOCKS = YES;
				GCC_OPTIMIZATION_LEVEL = 0;
				GCC_PREPROCESSOR_DEFINITIONS = (
					"DEBUG=1",
					"$(inherited)",
				);
				GCC_WARN_64_TO_32_BIT_CONVERSION = YES;
				GCC_WARN_ABOUT_RETURN_TYPE = YES_ERROR;
				GCC_WARN_UNDECLARED_SELECTOR = YES;
				GCC_WARN_UNINITIALIZED_AUTOS = YES_AGGRESSIVE;
				GCC_WARN_UNUSED_FUNCTION = YES;
				GCC_WARN_UNUSED_VARIABLE = YES;
				IPHONEOS_DEPLOYMENT_TARGET = 13.4;
				MTL_ENABLE_DEBUG_INFO = INCLUDE_SOURCE;
				MTL_FAST_MATH = YES;
				ONLY_ACTIVE_ARCH = YES;
				SDKROOT = iphoneos;
				SWIFT_ACTIVE_COMPILATION_CONDITIONS = DEBUG;
				SWIFT_OPTIMIZATION_LEVEL = "-Onone";
			};
			name = Debug;
		};
		6FCEAA60245E4024004CFFA4 /* Release */ = {
			isa = XCBuildConfiguration;
			buildSettings = {
				ALWAYS_SEARCH_USER_PATHS = NO;
				CLANG_ANALYZER_NONNULL = YES;
				CLANG_ANALYZER_NUMBER_OBJECT_CONVERSION = YES_AGGRESSIVE;
				CLANG_CXX_LANGUAGE_STANDARD = "gnu++14";
				CLANG_CXX_LIBRARY = "libc++";
				CLANG_ENABLE_MODULES = YES;
				CLANG_ENABLE_OBJC_ARC = YES;
				CLANG_ENABLE_OBJC_WEAK = YES;
				CLANG_WARN_BLOCK_CAPTURE_AUTORELEASING = YES;
				CLANG_WARN_BOOL_CONVERSION = YES;
				CLANG_WARN_COMMA = YES;
				CLANG_WARN_CONSTANT_CONVERSION = YES;
				CLANG_WARN_DEPRECATED_OBJC_IMPLEMENTATIONS = YES;
				CLANG_WARN_DIRECT_OBJC_ISA_USAGE = YES_ERROR;
				CLANG_WARN_DOCUMENTATION_COMMENTS = YES;
				CLANG_WARN_EMPTY_BODY = YES;
				CLANG_WARN_ENUM_CONVERSION = YES;
				CLANG_WARN_INFINITE_RECURSION = YES;
				CLANG_WARN_INT_CONVERSION = YES;
				CLANG_WARN_NON_LITERAL_NULL_CONVERSION = YES;
				CLANG_WARN_OBJC_IMPLICIT_RETAIN_SELF = YES;
				CLANG_WARN_OBJC_LITERAL_CONVERSION = YES;
				CLANG_WARN_OBJC_ROOT_CLASS = YES_ERROR;
				CLANG_WARN_RANGE_LOOP_ANALYSIS = YES;
				CLANG_WARN_STRICT_PROTOTYPES = YES;
				CLANG_WARN_SUSPICIOUS_MOVE = YES;
				CLANG_WARN_UNGUARDED_AVAILABILITY = YES_AGGRESSIVE;
				CLANG_WARN_UNREACHABLE_CODE = YES;
				CLANG_WARN__DUPLICATE_METHOD_MATCH = YES;
				COPY_PHASE_STRIP = NO;
				DEBUG_INFORMATION_FORMAT = "dwarf-with-dsym";
				ENABLE_NS_ASSERTIONS = NO;
				ENABLE_STRICT_OBJC_MSGSEND = YES;
				GCC_C_LANGUAGE_STANDARD = gnu11;
				GCC_NO_COMMON_BLOCKS = YES;
				GCC_WARN_64_TO_32_BIT_CONVERSION = YES;
				GCC_WARN_ABOUT_RETURN_TYPE = YES_ERROR;
				GCC_WARN_UNDECLARED_SELECTOR = YES;
				GCC_WARN_UNINITIALIZED_AUTOS = YES_AGGRESSIVE;
				GCC_WARN_UNUSED_FUNCTION = YES;
				GCC_WARN_UNUSED_VARIABLE = YES;
				IPHONEOS_DEPLOYMENT_TARGET = 13.4;
				MTL_ENABLE_DEBUG_INFO = NO;
				MTL_FAST_MATH = YES;
				SDKROOT = iphoneos;
				SWIFT_COMPILATION_MODE = wholemodule;
				SWIFT_OPTIMIZATION_LEVEL = "-O";
				VALIDATE_PRODUCT = YES;
			};
			name = Release;
		};
		6FCEAA62245E4024004CFFA4 /* Debug */ = {
			isa = XCBuildConfiguration;
			baseConfigurationReference = 9C6005D6EE0E555A38B1281A /* Pods-FlowerPower.debug.xcconfig */;
			buildSettings = {
				ASSETCATALOG_COMPILER_APPICON_NAME = AppIcon;
				CODE_SIGN_STYLE = Automatic;
				DEVELOPMENT_TEAM = M5XV4BPV5Y;
				INFOPLIST_FILE = FlowerPower/Info.plist;
				LD_RUNPATH_SEARCH_PATHS = (
					"$(inherited)",
					"@executable_path/Frameworks",
				);
				PRODUCT_BUNDLE_IDENTIFIER = com.nareshribabu.FlowerPower;
				PRODUCT_NAME = "$(TARGET_NAME)";
				SWIFT_VERSION = 5.0;
				TARGETED_DEVICE_FAMILY = "1,2";
			};
			name = Debug;
		};
		6FCEAA63245E4024004CFFA4 /* Release */ = {
			isa = XCBuildConfiguration;
			baseConfigurationReference = C39BA8E384A4FEFD3EA660A6 /* Pods-FlowerPower.release.xcconfig */;
			buildSettings = {
				ASSETCATALOG_COMPILER_APPICON_NAME = AppIcon;
				CODE_SIGN_STYLE = Automatic;
				DEVELOPMENT_TEAM = M5XV4BPV5Y;
				INFOPLIST_FILE = FlowerPower/Info.plist;
				LD_RUNPATH_SEARCH_PATHS = (
					"$(inherited)",
					"@executable_path/Frameworks",
				);
				PRODUCT_BUNDLE_IDENTIFIER = com.nareshribabu.FlowerPower;
				PRODUCT_NAME = "$(TARGET_NAME)";
				SWIFT_VERSION = 5.0;
				TARGETED_DEVICE_FAMILY = "1,2";
			};
			name = Release;
		};
/* End XCBuildConfiguration section */

/* Begin XCConfigurationList section */
		6FCEAA48245E401F004CFFA4 /* Build configuration list for PBXProject "FlowerPower" */ = {
			isa = XCConfigurationList;
			buildConfigurations = (
				6FCEAA5F245E4024004CFFA4 /* Debug */,
				6FCEAA60245E4024004CFFA4 /* Release */,
			);
			defaultConfigurationIsVisible = 0;
			defaultConfigurationName = Release;
		};
		6FCEAA61245E4024004CFFA4 /* Build configuration list for PBXNativeTarget "FlowerPower" */ = {
			isa = XCConfigurationList;
			buildConfigurations = (
				6FCEAA62245E4024004CFFA4 /* Debug */,
				6FCEAA63245E4024004CFFA4 /* Release */,
			);
			defaultConfigurationIsVisible = 0;
			defaultConfigurationName = Release;
		};
/* End XCConfigurationList section */
	};
	rootObject = 6FCEAA45245E401F004CFFA4 /* Project object */;
}
